# This file is automatically @generated by Poetry 2.4.1 and should not be changed by hand.

[[package]]
name = "async-timeout"
version = "5.0.1"
description = "Timeout context manager for asyncio programs"
optional = false
python-versions = ">=3.8"
groups = ["main"]
markers = "python_full_version < \"3.11.3\""
files = [
    {file = "async_timeout-5.0.1-py3-none-any.whl", hash = "sha256:39e3809566ff85354557ec2398b55e096c8364bacac9405a7a1fa429e77fe76c"},
    {file = "async_timeout-5.0.1.tar.gz", hash = "sha256:d9321a7a3d5a6a5e187e824d2fa0793ce379a202935782d555d6e9d2735677d3"},
]

[[package]]
name = "deepiri-renderflow-worker-queue"
version = "0.1.0"
description = "In-repo Redis AI job queue helpers for Renderflow Studio (orchestrator + model workers)."
optional = false
python-versions = "^3.11"
groups = ["main"]
files = []
develop = true

[package.source]
type = "directory"
url = "../../lib/renderflow_queue"

[[package]]
name = "diri-agent-guardrails"
version = "0.1.0"
description = "Reusable input/output sanitization, PII detection, prompt-injection checks, and policy-driven guardrails for AI agents."
optional = false
python-versions = "^3.10"
groups = ["main"]
files = []
develop = false

[package.extras]
opa = ["httpx (>=0.27.0,<0.28.0)"]

[package.source]
type = "git"
url = "https://github.com/Team-Deepiri/diri-agent-guardrails.git"
reference = "main"
resolved_reference = "00c28bec202d6f6e0ceeb350f5f4f15960047f3d"

[[package]]
name = "redis"
version = "7.4.0"
description = "Python client for Redis database and key-value store"
optional = false
python-versions = ">=3.10"
groups = ["main"]
files = [
    {file = "redis-7.4.0-py3-none-any.whl", hash = "sha256:a9c74a5c893a5ef8455a5adb793a31bb70feb821c86eccb62eebef5a19c429ec"},
    {file = "redis-7.4.0.tar.gz", hash = "sha256:64a6ea7bf567ad43c964d2c30d82853f8df927c5c9017766c55a1d1ed95d18ad"},
]

[package.dependencies]
async-timeout = {version = ">=4.0.3", markers = "python_full_version < \"3.11.3\""}

[package.extras]
circuit-breaker = ["pybreaker (>=1.4.0)"]
hiredis = ["hiredis (>=3.2.0)"]
jwt = ["pyjwt (>=2.9.0)"]
ocsp = ["cryptography (>=36.0.1)", "pyopenssl (>=20.0.1)", "requests (>=2.31.0)"]
otel = ["opentelemetry-api (>=1.39.1)", "opentelemetry-exporter-otlp-proto-http (>=1.39.1)", "opentelemetry-sdk (>=1.39.1)"]
xxhash = ["xxhash (>=3.6.0,<3.7.0)"]

[metadata]
lock-version = "2.1"
python-versions = "^3.11"
content-hash = "b251502400a510c0c3ed3d4c49badf5ef15a343c2e5844575e83e2f361e3d2f3"
